
Microsoft Visual Studio Solution File, Format Version 12.00
# Visual Studio Version 16
VisualStudioVersion = 16.0.30114.105
MinimumVisualStudioVersion = 10.0.40219.1
Project("{FAE04EC0-301F-11D3-BF4B-00C04F79EFBC}") = "LeapYear", "LeapYear\LeapYear.csproj", "{0E987B29-014B-4FD1-B02C-4DFEC4FDD8ED}"
EndProject
Project("{FAE04EC0-301F-11D3-BF4B-00C04F79EFBC}") = "LeapYear.Tests", "LeapYear.Tests\LeapYear.Tests.csproj", "{483E0401-6400-4F51-B0FA-8D01E3D067B5}"
EndProject
Global
	GlobalSection(SolutionConfigurationPlatforms) = preSolution
		Debug|Any CPU = Debug|Any CPU
		Debug|x64 = Debug|x64
		Debug|x86 = Debug|x86
		Release|Any CPU = Release|Any CPU
		Release|x64 = Release|x64
		Release|x86 = Release|x86
	EndGlobalSection
	GlobalSection(SolutionProperties) = preSolution
		HideSolutionNode = FALSE
	EndGlobalSection
	GlobalSection(ProjectConfigurationPlatforms) = postSolution
		{0E987B29-014B-4FD1-B02C-4DFEC4FDD8ED}.Debug|Any CPU.ActiveCfg = Debug|Any CPU
		{0E987B29-014B-4FD1-B02C-4DFEC4FDD8ED}.Debug|Any CPU.Build.0 = Debug|Any CPU
		{0E987B29-014B-4FD1-B02C-4DFEC4FDD8ED}.Debug|x64.ActiveCfg = Debug|Any CPU
		{0E987B29-014B-4FD1-B02C-4DFEC4FDD8ED}.Debug|x64.Build.0 = Debug|Any CPU
		{0E987B29-014B-4FD1-B02C-4DFEC4FDD8ED}.Debug|x86.ActiveCfg = Debug|Any CPU
		{0E987B29-014B-4FD1-B02C-4DFEC4FDD8ED}.Debug|x86.Build.0 = Debug|Any CPU
		{0E987B29-014B-4FD1-B02C-4DFEC4FDD8ED}.Release|Any CPU.ActiveCfg = Release|Any CPU
		{0E987B29-014B-4FD1-B02C-4DFEC4FDD8ED}.Release|Any CPU.Build.0 = Release|Any CPU
		{0E987B29-014B-4FD1-B02C-4DFEC4FDD8ED}.Release|x64.ActiveCfg = Release|Any CPU
		{0E987B29-014B-4FD1-B02C-4DFEC4FDD8ED}.Release|x64.Build.0 = Release|Any CPU
		{0E987B29-014B-4FD1-B02C-4DFEC4FDD8ED}.Release|x86.ActiveCfg = Release|Any CPU
		{0E987B29-014B-4FD1-B02C-4DFEC4FDD8ED}.Release|x86.Build.0 = Release|Any CPU
		{483E0401-6400-4F51-B0FA-8D01E3D067B5}.Debug|Any CPU.ActiveCfg = Debug|Any CPU
		{483E0401-6400-4F51-B0FA-8D01E3D067B5}.Debug|Any CPU.Build.0 = Debug|Any CPU
		{483E0401-6400-4F51-B0FA-8D01E3D067B5}.Debug|x64.ActiveCfg = Debug|Any CPU
		{483E0401-6400-4F51-B0FA-8D01E3D067B5}.Debug|x64.Build.0 = Debug|Any CPU
		{483E0401-6400-4F51-B0FA-8D01E3D067B5}.Debug|x86.ActiveCfg = Debug|Any CPU
		{483E0401-6400-4F51-B0FA-8D01E3D067B5}.Debug|x86.Build.0 = Debug|Any CPU
		{483E0401-6400-4F51-B0FA-8D01E3D067B5}.Release|Any CPU.ActiveCfg = Release|Any CPU
		{483E0401-6400-4F51-B0FA-8D01E3D067B5}.Release|Any CPU.Build.0 = Release|Any CPU
		{483E0401-6400-4F51-B0FA-8D01E3D067B5}.Release|x64.ActiveCfg = Release|Any CPU
		{483E0401-6400-4F51-B0FA-8D01E3D067B5}.Release|x64.Build.0 = Release|Any CPU
		{483E0401-6400-4F51-B0FA-8D01E3D067B5}.Release|x86.ActiveCfg = Release|Any CPU
		{483E0401-6400-4F51-B0FA-8D01E3D067B5}.Release|x86.Build.0 = Release|Any CPU
	EndGlobalSection
EndGlobal
